
Microsoft Visual Studio Solution File, Format Version 12.00
# Visual Studio Version 17
VisualStudioVersion = 17.2.32616.157
MinimumVisualStudioVersion = 10.0.40219.1
Project("{FAE04EC0-301F-11D3-BF4B-00C04F79EFBC}") = "MSSSDataProcessing", "MSSSDataProcessing\MSSSDataProcessing.csproj", "{A67E2254-69F1-4036-91F2-A753444549F5}"
EndProject
Global
	GlobalSection(SolutionConfigurationPlatforms) = preSolution
		Debug|Any CPU = Debug|Any CPU
		Release|Any CPU = Release|Any CPU
	EndGlobalSection
	GlobalSection(ProjectConfigurationPlatforms) = postSolution
		{A67E2254-69F1-4036-91F2-A753444549F5}.Debug|Any CPU.ActiveCfg = Debug|Any CPU
		{A67E2254-69F1-4036-91F2-A753444549F5}.Debug|Any CPU.Build.0 = Debug|Any CPU
		{A67E2254-69F1-4036-91F2-A753444549F5}.Release|Any CPU.ActiveCfg = Release|Any CPU
		{A67E2254-69F1-4036-91F2-A753444549F5}.Release|Any CPU.Build.0 = Release|Any CPU
	EndGlobalSection
	GlobalSection(SolutionProperties) = preSolution
		HideSolutionNode = FALSE
	EndGlobalSection
	GlobalSection(ExtensibilityGlobals) = postSolution
		SolutionGuid = {C576E582-949D-41D1-9626-20940DFD55E0}
	EndGlobalSection
EndGlobal
